{
    "name": "org.kdgm.testscheme",
    "version": "1.0.0",
    "lockfileVersion": 1,
    "requires": true,
    "dependencies": {
        "base64-js": {
            "version": "0.0.8",
            "resolved": "https://registry.npmjs.org/base64-js/-/base64-js-0.0.8.tgz",
            "integrity": "sha1-EQHpVE9KdrG8OybUUsqW16NeeXg="
        },
        "elementtree": {
            "version": "0.1.6",
            "resolved": "https://registry.npmjs.org/elementtree/-/elementtree-0.1.6.tgz",
            "integrity": "sha1-KsTEbqMFFsjEy9teOsdBjlkt4gw=",
            "requires": {
                "sax": "0.3.5"
            }
        },
        "lodash": {
            "version": "4.13.1",
            "resolved": "https://registry.npmjs.org/lodash/-/lodash-4.13.1.tgz",
            "integrity": "sha1-g+SxCRP0hJbU0W/sSlYK8u50S2g="
        },
        "plist": {
            "version": "1.2.0",
            "resolved": "https://registry.npmjs.org/plist/-/plist-1.2.0.tgz",
            "integrity": "sha1-CEtQk93JJQbiWfh0uNmxr7jHlZM=",
            "requires": {
                "base64-js": "0.0.8",
                "util-deprecate": "1.0.2",
                "xmlbuilder": "4.0.0",
                "xmldom": "0.1.27"
            }
        },
        "sax": {
            "version": "0.3.5",
            "resolved": "https://registry.npmjs.org/sax/-/sax-0.3.5.tgz",
            "integrity": "sha1-iPz8H3PAyLvVt8d2ttPzUB7tBz0="
        },
        "util-deprecate": {
            "version": "1.0.2",
            "resolved": "https://registry.npmjs.org/util-deprecate/-/util-deprecate-1.0.2.tgz",
            "integrity": "sha1-RQ1Nyfpw3nMnYvvS1KKJgUGaDM8="
        },
        "xmlbuilder": {
            "version": "4.0.0",
            "resolved": "https://registry.npmjs.org/xmlbuilder/-/xmlbuilder-4.0.0.tgz",
            "integrity": "sha1-mLj2UcowqmJANvEn0RzGbce5B6M=",
            "requires": {
                "lodash": "3.10.1"
            },
            "dependencies": {
                "lodash": {
                    "version": "3.10.1",
                    "resolved": "https://registry.npmjs.org/lodash/-/lodash-3.10.1.tgz",
                    "integrity": "sha1-W/Rejkm6QYnhfUgnid/RW9FAt7Y="
                }
            }
        },
        "xmldom": {
            "version": "0.1.27",
            "resolved": "https://registry.npmjs.org/xmldom/-/xmldom-0.1.27.tgz",
            "integrity": "sha1-1QH5ezvbQDr4757MIFcxh6rawOk="
        }
    }
}
